// !$*UTF8*$!
{
	archiveVersion = 1;
	classes = {
	};
	objectVersion = 46;
	objects = {

/* Begin PBXBuildFile section */
		429E7AB11A9E709E00DAF01B /* AppDelegate.swift in Sources */ = {isa = PBXBuildFile; fileRef = 429E7AB01A9E709E00DAF01B /* AppDelegate.swift */; };
		429E7AB31A9E709E00DAF01B /* ViewController.swift in Sources */ = {isa = PBXBuildFile; fileRef = 429E7AB21A9E709E00DAF01B /* ViewController.swift */; };
		429E7AB61A9E709E00DAF01B /* Main.storyboard in Resources */ = {isa = PBXBuildFile; fileRef = 429E7AB41A9E709E00DAF01B /* Main.storyboard */; };
		429E7AB81A9E709E00DAF01B /* Images.xcassets in Resources */ = {isa = PBXBuildFile; fileRef = 429E7AB71A9E709E00DAF01B /* Images.xcassets */; };
		429E7ABB1A9E709E00DAF01B /* LaunchScreen.xib in Resources */ = {isa = PBXBuildFile; fileRef = 429E7AB91A9E709E00DAF01B /* LaunchScreen.xib */; };
		429E7AC71A9E709E00DAF01B /* BullsEyeTests.swift in Sources */ = {isa = PBXBuildFile; fileRef = 429E7AC61A9E709E00DAF01B /* BullsEyeTests.swift */; };
		429E7AD11A9E7A8E00DAF01B /* AboutViewController.swift in Sources */ = {isa = PBXBuildFile; fileRef = 429E7AD01A9E7A8E00DAF01B /* AboutViewController.swift */; };
/* End PBXBuildFile section */

/* Begin PBXContainerItemProxy section */
		429E7AC11A9E709E00DAF01B /* PBXContainerItemProxy */ = {
			isa = PBXContainerItemProxy;
			containerPortal = 429E7AA31A9E709E00DAF01B /* Project object */;
			proxyType = 1;
			remoteGlobalIDString = 429E7AAA1A9E709E00DAF01B;
			remoteInfo = BullsEye;
		};
/* End PBXContainerItemProxy section */

/* Begin PBXFileReference section */
		429E7AAB1A9E709E00DAF01B /* BullsEye.app */ = {isa = PBXFileReference; explicitFileType = wrapper.application; includeInIndex = 0; path = BullsEye.app; sourceTree = BUILT_PRODUCTS_DIR; };
		429E7AAF1A9E709E00DAF01B /* Info.plist */ = {isa = PBXFileReference; lastKnownFileType = text.plist.xml; path = Info.plist; sourceTree = "<group>"; };
		429E7AB01A9E709E00DAF01B /* AppDelegate.swift */ = {isa = PBXFileReference; lastKnownFileType = sourcecode.swift; path = AppDelegate.swift; sourceTree = "<group>"; };
		429E7AB21A9E709E00DAF01B /* ViewController.swift */ = {isa = PBXFileReference; lastKnownFileType = sourcecode.swift; path = ViewController.swift; sourceTree = "<group>"; };
		429E7AB51A9E709E00DAF01B /* Base */ = {isa = PBXFileReference; lastKnownFileType = file.storyboard; name = Base; path = Base.lproj/Main.storyboard; sourceTree = "<group>"; };
		429E7AB71A9E709E00DAF01B /* Images.xcassets */ = {isa = PBXFileReference; lastKnownFileType = folder.assetcatalog; path = Images.xcassets; sourceTree = "<group>"; };
		429E7ABA1A9E709E00DAF01B /* Base */ = {isa = PBXFileReference; lastKnownFileType = file.xib; name = Base; path = Base.lproj/LaunchScreen.xib; sourceTree = "<group>"; };
		429E7AC01A9E709E00DAF01B /* BullsEyeTests.xctest */ = {isa = PBXFileReference; explicitFileType = wrapper.cfbundle; includeInIndex = 0; path = BullsEyeTests.xctest; sourceTree = BUILT_PRODUCTS_DIR; };
		429E7AC51A9E709E00DAF01B /* Info.plist */ = {isa = PBXFileReference; lastKnownFileType = text.plist.xml; path = Info.plist; sourceTree = "<group>"; };
		429E7AC61A9E709E00DAF01B /* BullsEyeTests.swift */ = {isa = PBXFileReference; lastKnownFileType = sourcecode.swift; path = BullsEyeTests.swift; sourceTree = "<group>"; };
		429E7AD01A9E7A8E00DAF01B /* AboutViewController.swift */ = {isa = PBXFileReference; fileEncoding = 4; lastKnownFileType = sourcecode.swift; path = AboutViewController.swift; sourceTree = "<group>"; };
/* End PBXFileReference section */

/* Begin PBXFrameworksBuildPhase section */
		429E7AA81A9E709E00DAF01B /* Frameworks */ = {
			isa = PBXFrameworksBuildPhase;
			buildActionMask = 2147483647;
			files = (
			);
			runOnlyForDeploymentPostprocessing = 0;
		};
		429E7ABD1A9E709E00DAF01B /* Frameworks */ = {
			isa = PBXFrameworksBuildPhase;
			buildActionMask = 2147483647;
			files = (
			);
			runOnlyForDeploymentPostprocessing = 0;
		};
/* End PBXFrameworksBuildPhase section */

/* Begin PBXGroup section */
		429E7AA21A9E709E00DAF01B = {
			isa = PBXGroup;
			children = (
				429E7AAD1A9E709E00DAF01B /* BullsEye */,
				429E7AC31A9E709E00DAF01B /* BullsEyeTests */,
				429E7AAC1A9E709E00DAF01B /* Products */,
			);
			sourceTree = "<group>";
		};
		429E7AAC1A9E709E00DAF01B /* Products */ = {
			isa = PBXGroup;
			children = (
				429E7AAB1A9E709E00DAF01B /* BullsEye.app */,
				429E7AC01A9E709E00DAF01B /* BullsEyeTests.xctest */,
			);
			name = Products;
			sourceTree = "<group>";
		};
		429E7AAD1A9E709E00DAF01B /* BullsEye */ = {
			isa = PBXGroup;
			children = (
				429E7AB01A9E709E00DAF01B /* AppDelegate.swift */,
				429E7AB21A9E709E00DAF01B /* ViewController.swift */,
				429E7AB41A9E709E00DAF01B /* Main.storyboard */,
				429E7AD01A9E7A8E00DAF01B /* AboutViewController.swift */,
				429E7AB71A9E709E00DAF01B /* Images.xcassets */,
				429E7AB91A9E709E00DAF01B /* LaunchScreen.xib */,
				429E7AAE1A9E709E00DAF01B /* Supporting Files */,
			);
			path = BullsEye;
			sourceTree = "<group>";
		};
		429E7AAE1A9E709E00DAF01B /* Supporting Files */ = {
			isa = PBXGroup;
			children = (
				429E7AAF1A9E709E00DAF01B /* Info.plist */,
			);
			name = "Supporting Files";
			sourceTree = "<group>";
		};
		429E7AC31A9E709E00DAF01B /* BullsEyeTests */ = {
			isa = PBXGroup;
			children = (
				429E7AC61A9E709E00DAF01B /* BullsEyeTests.swift */,
				429E7AC41A9E709E00DAF01B /* Supporting Files */,
			);
			path = BullsEyeTests;
			sourceTree = "<group>";
		};
		429E7AC41A9E709E00DAF01B /* Supporting Files */ = {
			isa = PBXGroup;
			children = (
				429E7AC51A9E709E00DAF01B /* Info.plist */,
			);
			name = "Supporting Files";
			sourceTree = "<group>";
		};
/* End PBXGroup section */

/* Begin PBXNativeTarget section */
		429E7AAA1A9E709E00DAF01B /* BullsEye */ = {
			isa = PBXNativeTarget;
			buildConfigurationList = 429E7ACA1A9E709E00DAF01B /* Build configuration list for PBXNativeTarget "BullsEye" */;
			buildPhases = (
				429E7AA71A9E709E00DAF01B /* Sources */,
				429E7AA81A9E709E00DAF01B /* Frameworks */,
				429E7AA91A9E709E00DAF01B /* Resources */,
			);
			buildRules = (
			);
			dependencies = (
			);
			name = BullsEye;
			productName = BullsEye;
			productReference = 429E7AAB1A9E709E00DAF01B /* BullsEye.app */;
			productType = "com.apple.product-type.application";
		};
		429E7ABF1A9E709E00DAF01B /* BullsEyeTests */ = {
			isa = PBXNativeTarget;
			buildConfigurationList = 429E7ACD1A9E709E00DAF01B /* Build configuration list for PBXNativeTarget "BullsEyeTests" */;
			buildPhases = (
				429E7ABC1A9E709E00DAF01B /* Sources */,
				429E7ABD1A9E709E00DAF01B /* Frameworks */,
				429E7ABE1A9E709E00DAF01B /* Resources */,
			);
			buildRules = (
			);
			dependencies = (
				429E7AC21A9E709E00DAF01B /* PBXTargetDependency */,
			);
			name = BullsEyeTests;
			productName = BullsEyeTests;
			productReference = 429E7AC01A9E709E00DAF01B /* BullsEyeTests.xctest */;
			productType = "com.apple.product-type.bundle.unit-test";
		};
/* End PBXNativeTarget section */

/* Begin PBXProject section */
		429E7AA31A9E709E00DAF01B /* Project object */ = {
			isa = PBXProject;
			attributes = {
				LastUpgradeCheck = 0610;
				ORGANIZATIONNAME = "Naveen Sai Vupputuri";
				TargetAttributes = {
					429E7AAA1A9E709E00DAF01B = {
						CreatedOnToolsVersion = 6.1.1;
					};
					429E7ABF1A9E709E00DAF01B = {
						CreatedOnToolsVersion = 6.1.1;
						TestTargetID = 429E7AAA1A9E709E00DAF01B;
					};
				};
			};
			buildConfigurationList = 429E7AA61A9E709E00DAF01B /* Build configuration list for PBXProject "BullsEye" */;
			compatibilityVersion = "Xcode 3.2";
			developmentRegion = English;
			hasScannedForEncodings = 0;
			knownRegions = (
				en,
				Base,
			);
			mainGroup = 429E7AA21A9E709E00DAF01B;
			productRefGroup = 429E7AAC1A9E709E00DAF01B /* Products */;
			projectDirPath = "";
			projectRoot = "";
			targets = (
				429E7AAA1A9E709E00DAF01B /* BullsEye */,
				429E7ABF1A9E709E00DAF01B /* BullsEyeTests */,
			);
		};
/* End PBXProject section */

/* Begin PBXResourcesBuildPhase section */
		429E7AA91A9E709E00DAF01B /* Resources */ = {
			isa = PBXResourcesBuildPhase;
			buildActionMask = 2147483647;
			files = (
				429E7AB61A9E709E00DAF01B /* Main.storyboard in Resources */,
				429E7ABB1A9E709E00DAF01B /* LaunchScreen.xib in Resources */,
				429E7AB81A9E709E00DAF01B /* Images.xcassets in Resources */,
			);
			runOnlyForDeploymentPostprocessing = 0;
		};
		429E7ABE1A9E709E00DAF01B /* Resources */ = {
			isa = PBXResourcesBuildPhase;
			buildActionMask = 2147483647;
			files = (
			);
			runOnlyForDeploymentPostprocessing = 0;
		};
/* End PBXResourcesBuildPhase section */

/* Begin PBXSourcesBuildPhase section */
		429E7AA71A9E709E00DAF01B /* Sources */ = {
			isa = PBXSourcesBuildPhase;
			buildActionMask = 2147483647;
			files = (
				429E7AD11A9E7A8E00DAF01B /* AboutViewController.swift in Sources */,
				429E7AB31A9E709E00DAF01B /* ViewController.swift in Sources */,
				429E7AB11A9E709E00DAF01B /* AppDelegate.swift in Sources */,
			);
			runOnlyForDeploymentPostprocessing = 0;
		};
		429E7ABC1A9E709E00DAF01B /* Sources */ = {
			isa = PBXSourcesBuildPhase;
			buildActionMask = 2147483647;
			files = (
				429E7AC71A9E709E00DAF01B /* BullsEyeTests.swift in Sources */,
			);
			runOnlyForDeploymentPostprocessing = 0;
		};
/* End PBXSourcesBuildPhase section */

/* Begin PBXTargetDependency section */
		429E7AC21A9E709E00DAF01B /* PBXTargetDependency */ = {
			isa = PBXTargetDependency;
			target = 429E7AAA1A9E709E00DAF01B /* BullsEye */;
			targetProxy = 429E7AC11A9E709E00DAF01B /* PBXContainerItemProxy */;
		};
/* End PBXTargetDependency section */

/* Begin PBXVariantGroup section */
		429E7AB41A9E709E00DAF01B /* Main.storyboard */ = {
			isa = PBXVariantGroup;
			children = (
				429E7AB51A9E709E00DAF01B /* Base */,
			);
			name = Main.storyboard;
			sourceTree = "<group>";
		};
		429E7AB91A9E709E00DAF01B /* LaunchScreen.xib */ = {
			isa = PBXVariantGroup;
			children = (
				429E7ABA1A9E709E00DAF01B /* Base */,
			);
			name = LaunchScreen.xib;
			sourceTree = "<group>";
		};
/* End PBXVariantGroup section */

/* Begin XCBuildConfiguration section */
		429E7AC81A9E709E00DAF01B /* Debug */ = {
			isa = XCBuildConfiguration;
			buildSettings = {
				ALWAYS_SEARCH_USER_PATHS = NO;
				CLANG_CXX_LANGUAGE_STANDARD = "gnu++0x";
				CLANG_CXX_LIBRARY = "libc++";
				CLANG_ENABLE_MODULES = YES;
				CLANG_ENABLE_OBJC_ARC = YES;
				CLANG_WARN_BOOL_CONVERSION = YES;
				CLANG_WARN_CONSTANT_CONVERSION = YES;
				CLANG_WARN_DIRECT_OBJC_ISA_USAGE = YES_ERROR;
				CLANG_WARN_EMPTY_BODY = YES;
				CLANG_WARN_ENUM_CONVERSION = YES;
				CLANG_WARN_INT_CONVERSION = YES;
				CLANG_WARN_OBJC_ROOT_CLASS = YES_ERROR;
				CLANG_WARN_UNREACHABLE_CODE = YES;
				CLANG_WARN__DUPLICATE_METHOD_MATCH = YES;
				"CODE_SIGN_IDENTITY[sdk=iphoneos*]" = "iPhone Developer";
				COPY_PHASE_STRIP = NO;
				ENABLE_STRICT_OBJC_MSGSEND = YES;
				GCC_C_LANGUAGE_STANDARD = gnu99;
				GCC_DYNAMIC_NO_PIC = NO;
				GCC_OPTIMIZATION_LEVEL = 0;
				GCC_PREPROCESSOR_DEFINITIONS = (
					"DEBUG=1",
					"$(inherited)",
				);
				GCC_SYMBOLS_PRIVATE_EXTERN = NO;
				GCC_WARN_64_TO_32_BIT_CONVERSION = YES;
				GCC_WARN_ABOUT_RETURN_TYPE = YES_ERROR;
				GCC_WARN_UNDECLARED_SELECTOR = YES;
				GCC_WARN_UNINITIALIZED_AUTOS = YES_AGGRESSIVE;
				GCC_WARN_UNUSED_FUNCTION = YES;
				GCC_WARN_UNUSED_VARIABLE = YES;
				IPHONEOS_DEPLOYMENT_TARGET = 8.1;
				MTL_ENABLE_DEBUG_INFO = YES;
				ONLY_ACTIVE_ARCH = YES;
				SDKROOT = iphoneos;
				SWIFT_OPTIMIZATION_LEVEL = "-Onone";
			};
			name = Debug;
		};
		429E7AC91A9E709E00DAF01B /* Release */ = {
			isa = XCBuildConfiguration;
			buildSettings = {
				ALWAYS_SEARCH_USER_PATHS = NO;
				CLANG_CXX_LANGUAGE_STANDARD = "gnu++0x";
				CLANG_CXX_LIBRARY = "libc++";
				CLANG_ENABLE_MODULES = YES;
				CLANG_ENABLE_OBJC_ARC = YES;
				CLANG_WARN_BOOL_CONVERSION = YES;
				CLANG_WARN_CONSTANT_CONVERSION = YES;
				CLANG_WARN_DIRECT_OBJC_ISA_USAGE = YES_ERROR;
				CLANG_WARN_EMPTY_BODY = YES;
				CLANG_WARN_ENUM_CONVERSION = YES;
				CLANG_WARN_INT_CONVERSION = YES;
				CLANG_WARN_OBJC_ROOT_CLASS = YES_ERROR;
				CLANG_WARN_UNREACHABLE_CODE = YES;
				CLANG_WARN__DUPLICATE_METHOD_MATCH = YES;
				"CODE_SIGN_IDENTITY[sdk=iphoneos*]" = "iPhone Developer";
				COPY_PHASE_STRIP = YES;
				ENABLE_NS_ASSERTIONS = NO;
				ENABLE_STRICT_OBJC_MSGSEND = YES;
				GCC_C_LANGUAGE_STANDARD = gnu99;
				GCC_WARN_64_TO_32_BIT_CONVERSION = YES;
				GCC_WARN_ABOUT_RETURN_TYPE = YES_ERROR;
				GCC_WARN_UNDECLARED_SELECTOR = YES;
				GCC_WARN_UNINITIALIZED_AUTOS = YES_AGGRESSIVE;
				GCC_WARN_UNUSED_FUNCTION = YES;
				GCC_WARN_UNUSED_VARIABLE = YES;
				IPHONEOS_DEPLOYMENT_TARGET = 8.1;
				MTL_ENABLE_DEBUG_INFO = NO;
				SDKROOT = iphoneos;
				VALIDATE_PRODUCT = YES;
			};
			name = Release;
		};
		429E7ACB1A9E709E00DAF01B /* Debug */ = {
			isa = XCBuildConfiguration;
			buildSettings = {
				ASSETCATALOG_COMPILER_APPICON_NAME = AppIcon;
				INFOPLIST_FILE = BullsEye/Info.plist;
				LD_RUNPATH_SEARCH_PATHS = "$(inherited) @executable_path/Frameworks";
				PRODUCT_NAME = "$(TARGET_NAME)";
			};
			name = Debug;
		};
		429E7ACC1A9E709E00DAF01B /* Release */ = {
			isa = XCBuildConfiguration;
			buildSettings = {
				ASSETCATALOG_COMPILER_APPICON_NAME = AppIcon;
				INFOPLIST_FILE = BullsEye/Info.plist;
				LD_RUNPATH_SEARCH_PATHS = "$(inherited) @executable_path/Frameworks";
				PRODUCT_NAME = "$(TARGET_NAME)";
			};
			name = Release;
		};
		429E7ACE1A9E709E00DAF01B /* Debug */ = {
			isa = XCBuildConfiguration;
			buildSettings = {
				BUNDLE_LOADER = "$(TEST_HOST)";
				FRAMEWORK_SEARCH_PATHS = (
					"$(SDKROOT)/Developer/Library/Frameworks",
					"$(inherited)",
				);
				GCC_PREPROCESSOR_DEFINITIONS = (
					"DEBUG=1",
					"$(inherited)",
				);
				INFOPLIST_FILE = BullsEyeTests/Info.plist;
				LD_RUNPATH_SEARCH_PATHS = "$(inherited) @executable_path/Frameworks @loader_path/Frameworks";
				PRODUCT_NAME = "$(TARGET_NAME)";
				TEST_HOST = "$(BUILT_PRODUCTS_DIR)/BullsEye.app/BullsEye";
			};
			name = Debug;
		};
		429E7ACF1A9E709E00DAF01B /* Release */ = {
			isa = XCBuildConfiguration;
			buildSettings = {
				BUNDLE_LOADER = "$(TEST_HOST)";
				FRAMEWORK_SEARCH_PATHS = (
					"$(SDKROOT)/Developer/Library/Frameworks",
					"$(inherited)",
				);
				INFOPLIST_FILE = BullsEyeTests/Info.plist;
				LD_RUNPATH_SEARCH_PATHS = "$(inherited) @executable_path/Frameworks @loader_path/Frameworks";
				PRODUCT_NAME = "$(TARGET_NAME)";
				TEST_HOST = "$(BUILT_PRODUCTS_DIR)/BullsEye.app/BullsEye";
			};
			name = Release;
		};
/* End XCBuildConfiguration section */

/* Begin XCConfigurationList section */
		429E7AA61A9E709E00DAF01B /* Build configuration list for PBXProject "BullsEye" */ = {
			isa = XCConfigurationList;
			buildConfigurations = (
				429E7AC81A9E709E00DAF01B /* Debug */,
				429E7AC91A9E709E00DAF01B /* Release */,
			);
			defaultConfigurationIsVisible = 0;
			defaultConfigurationName = Release;
		};
		429E7ACA1A9E709E00DAF01B /* Build configuration list for PBXNativeTarget "BullsEye" */ = {
			isa = XCConfigurationList;
			buildConfigurations = (
				429E7ACB1A9E709E00DAF01B /* Debug */,
				429E7ACC1A9E709E00DAF01B /* Release */,
			);
			defaultConfigurationIsVisible = 0;
		};
		429E7ACD1A9E709E00DAF01B /* Build configuration list for PBXNativeTarget "BullsEyeTests" */ = {
			isa = XCConfigurationList;
			buildConfigurations = (
				429E7ACE1A9E709E00DAF01B /* Debug */,
				429E7ACF1A9E709E00DAF01B /* Release */,
			);
			defaultConfigurationIsVisible = 0;
		};
/* End XCConfigurationList section */
	};
	rootObject = 429E7AA31A9E709E00DAF01B /* Project object */;
}
